
Microsoft Visual Studio Solution File, Format Version 12.00
# Visual Studio Version 17
VisualStudioVersion = 17.1.32414.318
MinimumVisualStudioVersion = 10.0.40219.1
Project("{9A19103F-16F7-4668-BE54-9A1E7A4F7556}") = "RPOnline", "RPOnline\RPOnline.csproj", "{F004B539-8912-4B73-9E66-D02D7156625C}"
EndProject
Global
	GlobalSection(SolutionConfigurationPlatforms) = preSolution
		Client|Any CPU = Client|Any CPU
		Debug|Any CPU = Debug|Any CPU
		Release|Any CPU = Release|Any CPU
		Server|Any CPU = Server|Any CPU
	EndGlobalSection
	GlobalSection(ProjectConfigurationPlatforms) = postSolution
		{F004B539-8912-4B73-9E66-D02D7156625C}.Client|Any CPU.ActiveCfg = Client|Any CPU
		{F004B539-8912-4B73-9E66-D02D7156625C}.Client|Any CPU.Build.0 = Client|Any CPU
		{F004B539-8912-4B73-9E66-D02D7156625C}.Debug|Any CPU.ActiveCfg = Debug|Any CPU
		{F004B539-8912-4B73-9E66-D02D7156625C}.Debug|Any CPU.Build.0 = Debug|Any CPU
		{F004B539-8912-4B73-9E66-D02D7156625C}.Release|Any CPU.ActiveCfg = Release|Any CPU
		{F004B539-8912-4B73-9E66-D02D7156625C}.Release|Any CPU.Build.0 = Release|Any CPU
		{F004B539-8912-4B73-9E66-D02D7156625C}.Server|Any CPU.ActiveCfg = Server|Any CPU
		{F004B539-8912-4B73-9E66-D02D7156625C}.Server|Any CPU.Build.0 = Server|Any CPU
	EndGlobalSection
	GlobalSection(SolutionProperties) = preSolution
		HideSolutionNode = FALSE
	EndGlobalSection
	GlobalSection(ExtensibilityGlobals) = postSolution
		SolutionGuid = {9C2EDC16-681D-40A9-9168-7C35B4D4F23C}
	EndGlobalSection
EndGlobal
