
Microsoft Visual Studio Solution File, Format Version 12.00
# Visual Studio Version 17
VisualStudioVersion = 17.1.32414.318
MinimumVisualStudioVersion = 10.0.40219.1
Project("{9A19103F-16F7-4668-BE54-9A1E7A4F7556}") = "Proline.ClassicOnline.CScriptObjs", "code\components\Proline.ClassicOnline.ScriptObjects\Proline.ClassicOnline.CScriptObjs.csproj", "{62783FDA-FDC0-4397-8D31-CD9710E46551}"
EndProject
Project("{9A19103F-16F7-4668-BE54-9A1E7A4F7556}") = "Proline.ClassicOnline.CWorldObjects", "code\components\Proline.ClassicOnline.GasStation\Proline.ClassicOnline.CWorldObjects.csproj", "{44774768-5239-4B7E-A24A-DDE4CE77F054}"
EndProject
Project("{9A19103F-16F7-4668-BE54-9A1E7A4F7556}") = "Proline.ClassicOnline.CDebugActions", "code\components\Proline.ClassicOnline.F8Console\Proline.ClassicOnline.CDebugActions.csproj", "{2107E76C-B426-4F70-AC68-4DC86E296889}"
EndProject
Project("{9A19103F-16F7-4668-BE54-9A1E7A4F7556}") = "Proline.ClassicOnline.CGameRendering", "code\components\Proline.ClassicOnline.DebugInterface\Proline.ClassicOnline.CGameRendering.csproj", "{BE82F7C8-A659-4F4D-8F13-DF1F80F43A45}"
EndProject
Project("{9A19103F-16F7-4668-BE54-9A1E7A4F7556}") = "Proline.ClassicOnline.CNetConnection", "code\components\Proline.ClassiclOnline.MConnection\Proline.ClassicOnline.CNetConnection.csproj", "{B49064BC-2BD7-4DC4-A900-236314BA6300}"
EndProject
Project("{9A19103F-16F7-4668-BE54-9A1E7A4F7556}") = "Proline.ClassicOnline.CScreenRendering", "code\components\Proline.ClassicComponents.UI\Proline.ClassicOnline.CScreenRendering.csproj", "{0C682B3E-85C5-4BF2-B78B-A4A9E9B13514}"
EndProject
Project("{9A19103F-16F7-4668-BE54-9A1E7A4F7556}") = "Proline.ClassicOnline.CDataStream", "code\components\Proline.ClassicComponents.Data\Proline.ClassicOnline.CDataStream.csproj", "{D61BD4E2-7C90-4401-988D-FF7B2D365C74}"
EndProject
Project("{9A19103F-16F7-4668-BE54-9A1E7A4F7556}") = "Proline.ClassicOnline.CGameLogic", "code\components\Proline.ClassicComponents.Character\Proline.ClassicOnline.CGameLogic.csproj", "{70E0DF2F-79D2-4303-9D6B-10818BD4AF40}"
EndProject
Project("{9A19103F-16F7-4668-BE54-9A1E7A4F7556}") = "Proline.ClassicOnline.SClassic", "code\scripts\Proline.ClassicScripts.Classic\Proline.ClassicOnline.SClassic.csproj", "{3F35243F-4F79-43E4-B026-E4BC2376AD12}"
EndProject
Project("{9A19103F-16F7-4668-BE54-9A1E7A4F7556}") = "Proline.ClassicOnline.CCoreSystem", "code\components\Proline.ClassicOnline.LWScripting\Proline.ClassicOnline.CCoreSystem.csproj", "{73B46093-DDBB-4CB7-9AAF-3F32FE7823B9}"
EndProject
Project("{9A19103F-16F7-4668-BE54-9A1E7A4F7556}") = "Proline.ClassicOnline.CShopCatalogue", "code\components\Proline.ClassicOnline.MShop\Proline.ClassicOnline.CShopCatalogue.csproj", "{6010408E-DE86-4C20-AB68-69719821EE71}"
EndProject
Project("{2150E333-8FDC-42A3-9474-1A3956D46DE8}") = "components", "components", "{0D229607-AAA4-4539-AEB4-CD018B8FF917}"
EndProject
Project("{2150E333-8FDC-42A3-9474-1A3956D46DE8}") = "scripts", "scripts", "{3392669C-6CF8-4586-841D-63D60746EE17}"
EndProject
Project("{9A19103F-16F7-4668-BE54-9A1E7A4F7556}") = "Proline.ClassicOnline.CMissionManager", "code\components\Proline.ClassicOnline.MissionManager\Proline.ClassicOnline.CMissionManager.csproj", "{A55142E8-5737-46CD-B3A0-D928F8D398EF}"
EndProject
Project("{2150E333-8FDC-42A3-9474-1A3956D46DE8}") = "tools", "tools", "{B9BD010E-796F-4A7F-8EC9-797B86CE6604}"
EndProject
Project("{2150E333-8FDC-42A3-9474-1A3956D46DE8}") = "libs", "libs", "{FFE2D76B-12C9-4C3A-807F-0BECD46A0BA2}"
EndProject
Project("{9A19103F-16F7-4668-BE54-9A1E7A4F7556}") = "Proline.ClassicOnline.Scaleforms", "code\libs\CFXExtended\Proline.CFXExtended.Client\Proline.ClassicOnline.Scaleforms.csproj", "{60F69FE9-BE05-4634-9F4F-93ECF7ACB942}"
EndProject
Project("{9A19103F-16F7-4668-BE54-9A1E7A4F7556}") = "Proline.ClassicOnline.CNativeEvents", "code\components\Proline.ClassicOnline.CNativeEvents\Proline.ClassicOnline.CNativeEvents.csproj", "{28738EDB-1BCF-4DDF-972F-9ACFC701F1F9}"
EndProject
Project("{9A19103F-16F7-4668-BE54-9A1E7A4F7556}") = "Proline.ClassicOnline.CPoolObjects", "code\components\Proline.ClassicOnline.CPoolObjects\Proline.ClassicOnline.CPoolObjects.csproj", "{C40C3619-8CF5-477C-8AE6-1CC8545C1A63}"
EndProject
Project("{9A19103F-16F7-4668-BE54-9A1E7A4F7556}") = "Proline.ClassicOnline.CAddionalEvents", "code\components\Proline.ClassicOnline.CAddionalEvents\Proline.ClassicOnline.CAddionalEvents.csproj", "{D14EA65F-D3FB-4BF1-B692-54C85FDE9AB6}"
EndProject
Project("{9A19103F-16F7-4668-BE54-9A1E7A4F7556}") = "Proline.ClassicOnline.CScriptAreas", "code\components\Proline.ClassicOnline.ScriptAreas\Proline.ClassicOnline.CScriptAreas.csproj", "{4A363264-8921-464D-8080-6DDE69FFD32E}"
EndProject
Project("{9A19103F-16F7-4668-BE54-9A1E7A4F7556}") = "Proline.ClassicOnline.Engine", "code\core\Proline.ClassicOnline.Core\Proline.ClassicOnline.Engine.csproj", "{3031D6BB-F39E-470F-B9AC-E4141B75A126}"
EndProject
Project("{FAE04EC0-301F-11D3-BF4B-00C04F79EFBC}") = "Proline.ClassicOnline.EventQueue", "code\libs\Proline.ClassicOnline.EventQueue\Proline.ClassicOnline.EventQueue.csproj", "{82C1DF49-8ADF-46BE-96B4-D0C87D0B3FE1}"
EndProject
Global
	GlobalSection(SolutionConfigurationPlatforms) = preSolution
		Debug|Any CPU = Debug|Any CPU
		Release|Any CPU = Release|Any CPU
	EndGlobalSection
	GlobalSection(ProjectConfigurationPlatforms) = postSolution
		{62783FDA-FDC0-4397-8D31-CD9710E46551}.Debug|Any CPU.ActiveCfg = Debug|Any CPU
		{62783FDA-FDC0-4397-8D31-CD9710E46551}.Debug|Any CPU.Build.0 = Debug|Any CPU
		{62783FDA-FDC0-4397-8D31-CD9710E46551}.Release|Any CPU.ActiveCfg = Release|Any CPU
		{62783FDA-FDC0-4397-8D31-CD9710E46551}.Release|Any CPU.Build.0 = Release|Any CPU
		{44774768-5239-4B7E-A24A-DDE4CE77F054}.Debug|Any CPU.ActiveCfg = Debug|Any CPU
		{44774768-5239-4B7E-A24A-DDE4CE77F054}.Debug|Any CPU.Build.0 = Debug|Any CPU
		{44774768-5239-4B7E-A24A-DDE4CE77F054}.Release|Any CPU.ActiveCfg = Release|Any CPU
		{44774768-5239-4B7E-A24A-DDE4CE77F054}.Release|Any CPU.Build.0 = Release|Any CPU
		{2107E76C-B426-4F70-AC68-4DC86E296889}.Debug|Any CPU.ActiveCfg = Debug|Any CPU
		{2107E76C-B426-4F70-AC68-4DC86E296889}.Debug|Any CPU.Build.0 = Debug|Any CPU
		{2107E76C-B426-4F70-AC68-4DC86E296889}.Release|Any CPU.ActiveCfg = Release|Any CPU
		{2107E76C-B426-4F70-AC68-4DC86E296889}.Release|Any CPU.Build.0 = Release|Any CPU
		{BE82F7C8-A659-4F4D-8F13-DF1F80F43A45}.Debug|Any CPU.ActiveCfg = Debug|Any CPU
		{BE82F7C8-A659-4F4D-8F13-DF1F80F43A45}.Debug|Any CPU.Build.0 = Debug|Any CPU
		{BE82F7C8-A659-4F4D-8F13-DF1F80F43A45}.Release|Any CPU.ActiveCfg = Release|Any CPU
		{BE82F7C8-A659-4F4D-8F13-DF1F80F43A45}.Release|Any CPU.Build.0 = Release|Any CPU
		{B49064BC-2BD7-4DC4-A900-236314BA6300}.Debug|Any CPU.ActiveCfg = Debug|Any CPU
		{B49064BC-2BD7-4DC4-A900-236314BA6300}.Debug|Any CPU.Build.0 = Debug|Any CPU
		{B49064BC-2BD7-4DC4-A900-236314BA6300}.Release|Any CPU.ActiveCfg = Release|Any CPU
		{B49064BC-2BD7-4DC4-A900-236314BA6300}.Release|Any CPU.Build.0 = Release|Any CPU
		{0C682B3E-85C5-4BF2-B78B-A4A9E9B13514}.Debug|Any CPU.ActiveCfg = Debug|Any CPU
		{0C682B3E-85C5-4BF2-B78B-A4A9E9B13514}.Debug|Any CPU.Build.0 = Debug|Any CPU
		{0C682B3E-85C5-4BF2-B78B-A4A9E9B13514}.Release|Any CPU.ActiveCfg = Release|Any CPU
		{0C682B3E-85C5-4BF2-B78B-A4A9E9B13514}.Release|Any CPU.Build.0 = Release|Any CPU
		{D61BD4E2-7C90-4401-988D-FF7B2D365C74}.Debug|Any CPU.ActiveCfg = Debug|Any CPU
		{D61BD4E2-7C90-4401-988D-FF7B2D365C74}.Debug|Any CPU.Build.0 = Debug|Any CPU
		{D61BD4E2-7C90-4401-988D-FF7B2D365C74}.Release|Any CPU.ActiveCfg = Release|Any CPU
		{D61BD4E2-7C90-4401-988D-FF7B2D365C74}.Release|Any CPU.Build.0 = Release|Any CPU
		{70E0DF2F-79D2-4303-9D6B-10818BD4AF40}.Debug|Any CPU.ActiveCfg = Debug|Any CPU
		{70E0DF2F-79D2-4303-9D6B-10818BD4AF40}.Debug|Any CPU.Build.0 = Debug|Any CPU
		{70E0DF2F-79D2-4303-9D6B-10818BD4AF40}.Release|Any CPU.ActiveCfg = Release|Any CPU
		{70E0DF2F-79D2-4303-9D6B-10818BD4AF40}.Release|Any CPU.Build.0 = Release|Any CPU
		{3F35243F-4F79-43E4-B026-E4BC2376AD12}.Debug|Any CPU.ActiveCfg = Debug|Any CPU
		{3F35243F-4F79-43E4-B026-E4BC2376AD12}.Debug|Any CPU.Build.0 = Debug|Any CPU
		{3F35243F-4F79-43E4-B026-E4BC2376AD12}.Release|Any CPU.ActiveCfg = Release|Any CPU
		{3F35243F-4F79-43E4-B026-E4BC2376AD12}.Release|Any CPU.Build.0 = Release|Any CPU
		{73B46093-DDBB-4CB7-9AAF-3F32FE7823B9}.Debug|Any CPU.ActiveCfg = Debug|Any CPU
		{73B46093-DDBB-4CB7-9AAF-3F32FE7823B9}.Debug|Any CPU.Build.0 = Debug|Any CPU
		{73B46093-DDBB-4CB7-9AAF-3F32FE7823B9}.Release|Any CPU.ActiveCfg = Release|Any CPU
		{73B46093-DDBB-4CB7-9AAF-3F32FE7823B9}.Release|Any CPU.Build.0 = Release|Any CPU
		{6010408E-DE86-4C20-AB68-69719821EE71}.Debug|Any CPU.ActiveCfg = Debug|Any CPU
		{6010408E-DE86-4C20-AB68-69719821EE71}.Debug|Any CPU.Build.0 = Debug|Any CPU
		{6010408E-DE86-4C20-AB68-69719821EE71}.Release|Any CPU.ActiveCfg = Release|Any CPU
		{6010408E-DE86-4C20-AB68-69719821EE71}.Release|Any CPU.Build.0 = Release|Any CPU
		{A55142E8-5737-46CD-B3A0-D928F8D398EF}.Debug|Any CPU.ActiveCfg = Debug|Any CPU
		{A55142E8-5737-46CD-B3A0-D928F8D398EF}.Debug|Any CPU.Build.0 = Debug|Any CPU
		{A55142E8-5737-46CD-B3A0-D928F8D398EF}.Release|Any CPU.ActiveCfg = Release|Any CPU
		{A55142E8-5737-46CD-B3A0-D928F8D398EF}.Release|Any CPU.Build.0 = Release|Any CPU
		{60F69FE9-BE05-4634-9F4F-93ECF7ACB942}.Debug|Any CPU.ActiveCfg = Debug|Any CPU
		{60F69FE9-BE05-4634-9F4F-93ECF7ACB942}.Debug|Any CPU.Build.0 = Debug|Any CPU
		{60F69FE9-BE05-4634-9F4F-93ECF7ACB942}.Release|Any CPU.ActiveCfg = Release|Any CPU
		{60F69FE9-BE05-4634-9F4F-93ECF7ACB942}.Release|Any CPU.Build.0 = Release|Any CPU
		{28738EDB-1BCF-4DDF-972F-9ACFC701F1F9}.Debug|Any CPU.ActiveCfg = Debug|Any CPU
		{28738EDB-1BCF-4DDF-972F-9ACFC701F1F9}.Debug|Any CPU.Build.0 = Debug|Any CPU
		{28738EDB-1BCF-4DDF-972F-9ACFC701F1F9}.Release|Any CPU.ActiveCfg = Release|Any CPU
		{28738EDB-1BCF-4DDF-972F-9ACFC701F1F9}.Release|Any CPU.Build.0 = Release|Any CPU
		{C40C3619-8CF5-477C-8AE6-1CC8545C1A63}.Debug|Any CPU.ActiveCfg = Debug|Any CPU
		{C40C3619-8CF5-477C-8AE6-1CC8545C1A63}.Debug|Any CPU.Build.0 = Debug|Any CPU
		{C40C3619-8CF5-477C-8AE6-1CC8545C1A63}.Release|Any CPU.ActiveCfg = Release|Any CPU
		{C40C3619-8CF5-477C-8AE6-1CC8545C1A63}.Release|Any CPU.Build.0 = Release|Any CPU
		{D14EA65F-D3FB-4BF1-B692-54C85FDE9AB6}.Debug|Any CPU.ActiveCfg = Debug|Any CPU
		{D14EA65F-D3FB-4BF1-B692-54C85FDE9AB6}.Debug|Any CPU.Build.0 = Debug|Any CPU
		{D14EA65F-D3FB-4BF1-B692-54C85FDE9AB6}.Release|Any CPU.ActiveCfg = Release|Any CPU
		{D14EA65F-D3FB-4BF1-B692-54C85FDE9AB6}.Release|Any CPU.Build.0 = Release|Any CPU
		{4A363264-8921-464D-8080-6DDE69FFD32E}.Debug|Any CPU.ActiveCfg = Debug|Any CPU
		{4A363264-8921-464D-8080-6DDE69FFD32E}.Debug|Any CPU.Build.0 = Debug|Any CPU
		{4A363264-8921-464D-8080-6DDE69FFD32E}.Release|Any CPU.ActiveCfg = Release|Any CPU
		{4A363264-8921-464D-8080-6DDE69FFD32E}.Release|Any CPU.Build.0 = Release|Any CPU
		{3031D6BB-F39E-470F-B9AC-E4141B75A126}.Debug|Any CPU.ActiveCfg = Debug|Any CPU
		{3031D6BB-F39E-470F-B9AC-E4141B75A126}.Debug|Any CPU.Build.0 = Debug|Any CPU
		{3031D6BB-F39E-470F-B9AC-E4141B75A126}.Release|Any CPU.ActiveCfg = Release|Any CPU
		{3031D6BB-F39E-470F-B9AC-E4141B75A126}.Release|Any CPU.Build.0 = Release|Any CPU
		{82C1DF49-8ADF-46BE-96B4-D0C87D0B3FE1}.Debug|Any CPU.ActiveCfg = Debug|Any CPU
		{82C1DF49-8ADF-46BE-96B4-D0C87D0B3FE1}.Debug|Any CPU.Build.0 = Debug|Any CPU
		{82C1DF49-8ADF-46BE-96B4-D0C87D0B3FE1}.Release|Any CPU.ActiveCfg = Release|Any CPU
		{82C1DF49-8ADF-46BE-96B4-D0C87D0B3FE1}.Release|Any CPU.Build.0 = Release|Any CPU
	EndGlobalSection
	GlobalSection(SolutionProperties) = preSolution
		HideSolutionNode = FALSE
	EndGlobalSection
	GlobalSection(NestedProjects) = preSolution
		{62783FDA-FDC0-4397-8D31-CD9710E46551} = {0D229607-AAA4-4539-AEB4-CD018B8FF917}
		{44774768-5239-4B7E-A24A-DDE4CE77F054} = {0D229607-AAA4-4539-AEB4-CD018B8FF917}
		{2107E76C-B426-4F70-AC68-4DC86E296889} = {0D229607-AAA4-4539-AEB4-CD018B8FF917}
		{BE82F7C8-A659-4F4D-8F13-DF1F80F43A45} = {0D229607-AAA4-4539-AEB4-CD018B8FF917}
		{B49064BC-2BD7-4DC4-A900-236314BA6300} = {0D229607-AAA4-4539-AEB4-CD018B8FF917}
		{0C682B3E-85C5-4BF2-B78B-A4A9E9B13514} = {0D229607-AAA4-4539-AEB4-CD018B8FF917}
		{D61BD4E2-7C90-4401-988D-FF7B2D365C74} = {0D229607-AAA4-4539-AEB4-CD018B8FF917}
		{70E0DF2F-79D2-4303-9D6B-10818BD4AF40} = {0D229607-AAA4-4539-AEB4-CD018B8FF917}
		{3F35243F-4F79-43E4-B026-E4BC2376AD12} = {3392669C-6CF8-4586-841D-63D60746EE17}
		{73B46093-DDBB-4CB7-9AAF-3F32FE7823B9} = {0D229607-AAA4-4539-AEB4-CD018B8FF917}
		{6010408E-DE86-4C20-AB68-69719821EE71} = {0D229607-AAA4-4539-AEB4-CD018B8FF917}
		{A55142E8-5737-46CD-B3A0-D928F8D398EF} = {0D229607-AAA4-4539-AEB4-CD018B8FF917}
		{60F69FE9-BE05-4634-9F4F-93ECF7ACB942} = {FFE2D76B-12C9-4C3A-807F-0BECD46A0BA2}
		{28738EDB-1BCF-4DDF-972F-9ACFC701F1F9} = {0D229607-AAA4-4539-AEB4-CD018B8FF917}
		{C40C3619-8CF5-477C-8AE6-1CC8545C1A63} = {0D229607-AAA4-4539-AEB4-CD018B8FF917}
		{D14EA65F-D3FB-4BF1-B692-54C85FDE9AB6} = {0D229607-AAA4-4539-AEB4-CD018B8FF917}
		{4A363264-8921-464D-8080-6DDE69FFD32E} = {0D229607-AAA4-4539-AEB4-CD018B8FF917}
		{82C1DF49-8ADF-46BE-96B4-D0C87D0B3FE1} = {FFE2D76B-12C9-4C3A-807F-0BECD46A0BA2}
	EndGlobalSection
	GlobalSection(ExtensibilityGlobals) = postSolution
		SolutionGuid = {9C2EDC16-681D-40A9-9168-7C35B4D4F23C}
	EndGlobalSection
EndGlobal
