
Microsoft Visual Studio Solution File, Format Version 12.00
# Visual Studio Version 17
VisualStudioVersion = 17.1.32414.318
MinimumVisualStudioVersion = 10.0.40219.1
Project("{9A19103F-16F7-4668-BE54-9A1E7A4F7556}") = "CAddionalEvents", "components\CAddionalEvents\CAddionalEvents.csproj", "{9BD878A4-1FBF-44BC-9D80-1A79F9995BC1}"
EndProject
Project("{9A19103F-16F7-4668-BE54-9A1E7A4F7556}") = "CCoreSystem", "components\CCoreSystem\CCoreSystem.csproj", "{A474DDE8-9A85-4F27-AF2F-7E87E612D1B7}"
EndProject
Project("{9A19103F-16F7-4668-BE54-9A1E7A4F7556}") = "CDataStream", "components\CDataStream\CDataStream.csproj", "{4BE5BF78-ABA4-4166-8406-842351FBC533}"
EndProject
Project("{9A19103F-16F7-4668-BE54-9A1E7A4F7556}") = "CDebugActions", "components\CDebugActions\CDebugActions.csproj", "{1D5B5092-FB47-4A4F-B99E-0F3EFA8AE642}"
EndProject
Project("{9A19103F-16F7-4668-BE54-9A1E7A4F7556}") = "CGameLogic", "components\CGameLogic\CGameLogic.csproj", "{A8C1DB6E-326D-4CEF-B7A6-5928B3F6F2C5}"
EndProject
Project("{9A19103F-16F7-4668-BE54-9A1E7A4F7556}") = "CGameRendering", "components\CGameRendering\CGameRendering.csproj", "{8F7ED060-9F61-4CCC-BBAC-165EB87F6349}"
EndProject
Project("{9A19103F-16F7-4668-BE54-9A1E7A4F7556}") = "CMissionManager", "components\CMissionManager\CMissionManager.csproj", "{52DA82ED-B897-4524-A574-A79318295BD8}"
EndProject
Project("{9A19103F-16F7-4668-BE54-9A1E7A4F7556}") = "CNativeEvents", "components\CNativeEvents\CNativeEvents.csproj", "{83B2E410-93CA-4CDC-B73D-ADB95260BA02}"
EndProject
Project("{9A19103F-16F7-4668-BE54-9A1E7A4F7556}") = "CNetConnection", "components\CNetConnection\CNetConnection.csproj", "{0676D410-C8DF-447B-9715-27D1F15486FE}"
EndProject
Project("{9A19103F-16F7-4668-BE54-9A1E7A4F7556}") = "CPoolObjects", "components\CPoolObjects\CPoolObjects.csproj", "{666ABAEF-1F1D-4392-9078-BBA29208292A}"
EndProject
Project("{9A19103F-16F7-4668-BE54-9A1E7A4F7556}") = "CScreenRendering", "components\CScreenRendering\CScreenRendering.csproj", "{C6F41451-2223-4F88-9640-491F098F4453}"
EndProject
Project("{9A19103F-16F7-4668-BE54-9A1E7A4F7556}") = "CScriptAreas", "components\CScriptAreas\CScriptAreas.csproj", "{1F60A2C0-3673-47A3-9F33-DA07C0681FC5}"
EndProject
Project("{9A19103F-16F7-4668-BE54-9A1E7A4F7556}") = "CScriptObjs", "components\CScriptObjs\CScriptObjs.csproj", "{FE968DE5-1C9A-4C87-B621-FD84BCD04980}"
EndProject
Project("{9A19103F-16F7-4668-BE54-9A1E7A4F7556}") = "CWorldObjects", "components\CWorldObjects\CWorldObjects.csproj", "{15068043-D8C5-4A42-B78E-4DF37FB59F61}"
EndProject
Project("{9A19103F-16F7-4668-BE54-9A1E7A4F7556}") = "CShopCatalogue", "components\CShopCatalogue\CShopCatalogue.csproj", "{7365EF01-33AE-4334-A4AE-3C1913D43A85}"
EndProject
Project("{2150E333-8FDC-42A3-9474-1A3956D46DE8}") = "components", "components", "{0AF0648E-6894-4B97-8B3A-CE4AA6CADF06}"
EndProject
Project("{2150E333-8FDC-42A3-9474-1A3956D46DE8}") = "libs", "libs", "{2C69ABAD-9076-439A-9060-CDB5F8328B40}"
EndProject
Project("{2150E333-8FDC-42A3-9474-1A3956D46DE8}") = "game", "game", "{3556BC57-AFFB-461B-8604-600302AC6C75}"
EndProject
Project("{9A19103F-16F7-4668-BE54-9A1E7A4F7556}") = "RPOnlineGame", "game\RPOnline\RPOnlineGame.csproj", "{49ED7C80-D8B8-422D-8771-8EF939521E1C}"
EndProject
Project("{9A19103F-16F7-4668-BE54-9A1E7A4F7556}") = "Assembly-CSharp", "levelscripts\Assembly-CSharp\Assembly-CSharp.csproj", "{31ADB3B3-4AC5-44CD-ABD9-E585267D220A}"
EndProject
Project("{2150E333-8FDC-42A3-9474-1A3956D46DE8}") = "levelscripts", "levelscripts", "{A15DE87F-B898-46E6-9E90-95392079882C}"
EndProject
Project("{9A19103F-16F7-4668-BE54-9A1E7A4F7556}") = "RPOnlineCore", "libs\RPOnline\RPOnlineCore.csproj", "{401CD1EA-33EB-42E7-B083-D9A21FF13D96}"
EndProject
Project("{2150E333-8FDC-42A3-9474-1A3956D46DE8}") = "tests", "tests", "{A911896C-D0B6-4537-B428-30099A468D13}"
EndProject
Project("{FAE04EC0-301F-11D3-BF4B-00C04F79EFBC}") = "RPOnlineTests", "tests\RPOnlineTests\RPOnlineTests.csproj", "{0C28C763-BC22-4989-8BC8-787B2A4FDFC7}"
EndProject
Global
	GlobalSection(SolutionConfigurationPlatforms) = preSolution
		Debug|Any CPU = Debug|Any CPU
		Release|Any CPU = Release|Any CPU
	EndGlobalSection
	GlobalSection(ProjectConfigurationPlatforms) = postSolution
		{9BD878A4-1FBF-44BC-9D80-1A79F9995BC1}.Debug|Any CPU.ActiveCfg = Debug|Any CPU
		{9BD878A4-1FBF-44BC-9D80-1A79F9995BC1}.Debug|Any CPU.Build.0 = Debug|Any CPU
		{9BD878A4-1FBF-44BC-9D80-1A79F9995BC1}.Release|Any CPU.ActiveCfg = Release|Any CPU
		{9BD878A4-1FBF-44BC-9D80-1A79F9995BC1}.Release|Any CPU.Build.0 = Release|Any CPU
		{A474DDE8-9A85-4F27-AF2F-7E87E612D1B7}.Debug|Any CPU.ActiveCfg = Debug|Any CPU
		{A474DDE8-9A85-4F27-AF2F-7E87E612D1B7}.Debug|Any CPU.Build.0 = Debug|Any CPU
		{A474DDE8-9A85-4F27-AF2F-7E87E612D1B7}.Release|Any CPU.ActiveCfg = Release|Any CPU
		{A474DDE8-9A85-4F27-AF2F-7E87E612D1B7}.Release|Any CPU.Build.0 = Release|Any CPU
		{4BE5BF78-ABA4-4166-8406-842351FBC533}.Debug|Any CPU.ActiveCfg = Debug|Any CPU
		{4BE5BF78-ABA4-4166-8406-842351FBC533}.Debug|Any CPU.Build.0 = Debug|Any CPU
		{4BE5BF78-ABA4-4166-8406-842351FBC533}.Release|Any CPU.ActiveCfg = Release|Any CPU
		{4BE5BF78-ABA4-4166-8406-842351FBC533}.Release|Any CPU.Build.0 = Release|Any CPU
		{1D5B5092-FB47-4A4F-B99E-0F3EFA8AE642}.Debug|Any CPU.ActiveCfg = Debug|Any CPU
		{1D5B5092-FB47-4A4F-B99E-0F3EFA8AE642}.Debug|Any CPU.Build.0 = Debug|Any CPU
		{1D5B5092-FB47-4A4F-B99E-0F3EFA8AE642}.Release|Any CPU.ActiveCfg = Release|Any CPU
		{1D5B5092-FB47-4A4F-B99E-0F3EFA8AE642}.Release|Any CPU.Build.0 = Release|Any CPU
		{A8C1DB6E-326D-4CEF-B7A6-5928B3F6F2C5}.Debug|Any CPU.ActiveCfg = Debug|Any CPU
		{A8C1DB6E-326D-4CEF-B7A6-5928B3F6F2C5}.Debug|Any CPU.Build.0 = Debug|Any CPU
		{A8C1DB6E-326D-4CEF-B7A6-5928B3F6F2C5}.Release|Any CPU.ActiveCfg = Release|Any CPU
		{A8C1DB6E-326D-4CEF-B7A6-5928B3F6F2C5}.Release|Any CPU.Build.0 = Release|Any CPU
		{8F7ED060-9F61-4CCC-BBAC-165EB87F6349}.Debug|Any CPU.ActiveCfg = Debug|Any CPU
		{8F7ED060-9F61-4CCC-BBAC-165EB87F6349}.Debug|Any CPU.Build.0 = Debug|Any CPU
		{8F7ED060-9F61-4CCC-BBAC-165EB87F6349}.Release|Any CPU.ActiveCfg = Release|Any CPU
		{8F7ED060-9F61-4CCC-BBAC-165EB87F6349}.Release|Any CPU.Build.0 = Release|Any CPU
		{52DA82ED-B897-4524-A574-A79318295BD8}.Debug|Any CPU.ActiveCfg = Debug|Any CPU
		{52DA82ED-B897-4524-A574-A79318295BD8}.Debug|Any CPU.Build.0 = Debug|Any CPU
		{52DA82ED-B897-4524-A574-A79318295BD8}.Release|Any CPU.ActiveCfg = Release|Any CPU
		{52DA82ED-B897-4524-A574-A79318295BD8}.Release|Any CPU.Build.0 = Release|Any CPU
		{83B2E410-93CA-4CDC-B73D-ADB95260BA02}.Debug|Any CPU.ActiveCfg = Debug|Any CPU
		{83B2E410-93CA-4CDC-B73D-ADB95260BA02}.Debug|Any CPU.Build.0 = Debug|Any CPU
		{83B2E410-93CA-4CDC-B73D-ADB95260BA02}.Release|Any CPU.ActiveCfg = Release|Any CPU
		{83B2E410-93CA-4CDC-B73D-ADB95260BA02}.Release|Any CPU.Build.0 = Release|Any CPU
		{0676D410-C8DF-447B-9715-27D1F15486FE}.Debug|Any CPU.ActiveCfg = Debug|Any CPU
		{0676D410-C8DF-447B-9715-27D1F15486FE}.Debug|Any CPU.Build.0 = Debug|Any CPU
		{0676D410-C8DF-447B-9715-27D1F15486FE}.Release|Any CPU.ActiveCfg = Release|Any CPU
		{0676D410-C8DF-447B-9715-27D1F15486FE}.Release|Any CPU.Build.0 = Release|Any CPU
		{666ABAEF-1F1D-4392-9078-BBA29208292A}.Debug|Any CPU.ActiveCfg = Debug|Any CPU
		{666ABAEF-1F1D-4392-9078-BBA29208292A}.Debug|Any CPU.Build.0 = Debug|Any CPU
		{666ABAEF-1F1D-4392-9078-BBA29208292A}.Release|Any CPU.ActiveCfg = Release|Any CPU
		{666ABAEF-1F1D-4392-9078-BBA29208292A}.Release|Any CPU.Build.0 = Release|Any CPU
		{C6F41451-2223-4F88-9640-491F098F4453}.Debug|Any CPU.ActiveCfg = Debug|Any CPU
		{C6F41451-2223-4F88-9640-491F098F4453}.Debug|Any CPU.Build.0 = Debug|Any CPU
		{C6F41451-2223-4F88-9640-491F098F4453}.Release|Any CPU.ActiveCfg = Release|Any CPU
		{C6F41451-2223-4F88-9640-491F098F4453}.Release|Any CPU.Build.0 = Release|Any CPU
		{1F60A2C0-3673-47A3-9F33-DA07C0681FC5}.Debug|Any CPU.ActiveCfg = Debug|Any CPU
		{1F60A2C0-3673-47A3-9F33-DA07C0681FC5}.Debug|Any CPU.Build.0 = Debug|Any CPU
		{1F60A2C0-3673-47A3-9F33-DA07C0681FC5}.Release|Any CPU.ActiveCfg = Release|Any CPU
		{1F60A2C0-3673-47A3-9F33-DA07C0681FC5}.Release|Any CPU.Build.0 = Release|Any CPU
		{FE968DE5-1C9A-4C87-B621-FD84BCD04980}.Debug|Any CPU.ActiveCfg = Debug|Any CPU
		{FE968DE5-1C9A-4C87-B621-FD84BCD04980}.Debug|Any CPU.Build.0 = Debug|Any CPU
		{FE968DE5-1C9A-4C87-B621-FD84BCD04980}.Release|Any CPU.ActiveCfg = Release|Any CPU
		{FE968DE5-1C9A-4C87-B621-FD84BCD04980}.Release|Any CPU.Build.0 = Release|Any CPU
		{15068043-D8C5-4A42-B78E-4DF37FB59F61}.Debug|Any CPU.ActiveCfg = Debug|Any CPU
		{15068043-D8C5-4A42-B78E-4DF37FB59F61}.Debug|Any CPU.Build.0 = Debug|Any CPU
		{15068043-D8C5-4A42-B78E-4DF37FB59F61}.Release|Any CPU.ActiveCfg = Release|Any CPU
		{15068043-D8C5-4A42-B78E-4DF37FB59F61}.Release|Any CPU.Build.0 = Release|Any CPU
		{7365EF01-33AE-4334-A4AE-3C1913D43A85}.Debug|Any CPU.ActiveCfg = Debug|Any CPU
		{7365EF01-33AE-4334-A4AE-3C1913D43A85}.Debug|Any CPU.Build.0 = Debug|Any CPU
		{7365EF01-33AE-4334-A4AE-3C1913D43A85}.Release|Any CPU.ActiveCfg = Release|Any CPU
		{7365EF01-33AE-4334-A4AE-3C1913D43A85}.Release|Any CPU.Build.0 = Release|Any CPU
		{49ED7C80-D8B8-422D-8771-8EF939521E1C}.Debug|Any CPU.ActiveCfg = Debug|Any CPU
		{49ED7C80-D8B8-422D-8771-8EF939521E1C}.Debug|Any CPU.Build.0 = Debug|Any CPU
		{49ED7C80-D8B8-422D-8771-8EF939521E1C}.Release|Any CPU.ActiveCfg = Release|Any CPU
		{49ED7C80-D8B8-422D-8771-8EF939521E1C}.Release|Any CPU.Build.0 = Release|Any CPU
		{31ADB3B3-4AC5-44CD-ABD9-E585267D220A}.Debug|Any CPU.ActiveCfg = Debug|Any CPU
		{31ADB3B3-4AC5-44CD-ABD9-E585267D220A}.Debug|Any CPU.Build.0 = Debug|Any CPU
		{31ADB3B3-4AC5-44CD-ABD9-E585267D220A}.Release|Any CPU.ActiveCfg = Release|Any CPU
		{31ADB3B3-4AC5-44CD-ABD9-E585267D220A}.Release|Any CPU.Build.0 = Release|Any CPU
		{401CD1EA-33EB-42E7-B083-D9A21FF13D96}.Debug|Any CPU.ActiveCfg = Debug|Any CPU
		{401CD1EA-33EB-42E7-B083-D9A21FF13D96}.Debug|Any CPU.Build.0 = Debug|Any CPU
		{401CD1EA-33EB-42E7-B083-D9A21FF13D96}.Release|Any CPU.ActiveCfg = Release|Any CPU
		{401CD1EA-33EB-42E7-B083-D9A21FF13D96}.Release|Any CPU.Build.0 = Release|Any CPU
		{0C28C763-BC22-4989-8BC8-787B2A4FDFC7}.Debug|Any CPU.ActiveCfg = Debug|Any CPU
		{0C28C763-BC22-4989-8BC8-787B2A4FDFC7}.Debug|Any CPU.Build.0 = Debug|Any CPU
		{0C28C763-BC22-4989-8BC8-787B2A4FDFC7}.Release|Any CPU.ActiveCfg = Release|Any CPU
		{0C28C763-BC22-4989-8BC8-787B2A4FDFC7}.Release|Any CPU.Build.0 = Release|Any CPU
	EndGlobalSection
	GlobalSection(SolutionProperties) = preSolution
		HideSolutionNode = FALSE
	EndGlobalSection
	GlobalSection(NestedProjects) = preSolution
		{9BD878A4-1FBF-44BC-9D80-1A79F9995BC1} = {0AF0648E-6894-4B97-8B3A-CE4AA6CADF06}
		{A474DDE8-9A85-4F27-AF2F-7E87E612D1B7} = {0AF0648E-6894-4B97-8B3A-CE4AA6CADF06}
		{4BE5BF78-ABA4-4166-8406-842351FBC533} = {0AF0648E-6894-4B97-8B3A-CE4AA6CADF06}
		{1D5B5092-FB47-4A4F-B99E-0F3EFA8AE642} = {0AF0648E-6894-4B97-8B3A-CE4AA6CADF06}
		{A8C1DB6E-326D-4CEF-B7A6-5928B3F6F2C5} = {0AF0648E-6894-4B97-8B3A-CE4AA6CADF06}
		{8F7ED060-9F61-4CCC-BBAC-165EB87F6349} = {0AF0648E-6894-4B97-8B3A-CE4AA6CADF06}
		{52DA82ED-B897-4524-A574-A79318295BD8} = {0AF0648E-6894-4B97-8B3A-CE4AA6CADF06}
		{83B2E410-93CA-4CDC-B73D-ADB95260BA02} = {0AF0648E-6894-4B97-8B3A-CE4AA6CADF06}
		{0676D410-C8DF-447B-9715-27D1F15486FE} = {0AF0648E-6894-4B97-8B3A-CE4AA6CADF06}
		{666ABAEF-1F1D-4392-9078-BBA29208292A} = {0AF0648E-6894-4B97-8B3A-CE4AA6CADF06}
		{C6F41451-2223-4F88-9640-491F098F4453} = {0AF0648E-6894-4B97-8B3A-CE4AA6CADF06}
		{1F60A2C0-3673-47A3-9F33-DA07C0681FC5} = {0AF0648E-6894-4B97-8B3A-CE4AA6CADF06}
		{FE968DE5-1C9A-4C87-B621-FD84BCD04980} = {0AF0648E-6894-4B97-8B3A-CE4AA6CADF06}
		{15068043-D8C5-4A42-B78E-4DF37FB59F61} = {0AF0648E-6894-4B97-8B3A-CE4AA6CADF06}
		{7365EF01-33AE-4334-A4AE-3C1913D43A85} = {0AF0648E-6894-4B97-8B3A-CE4AA6CADF06}
		{49ED7C80-D8B8-422D-8771-8EF939521E1C} = {3556BC57-AFFB-461B-8604-600302AC6C75}
		{31ADB3B3-4AC5-44CD-ABD9-E585267D220A} = {A15DE87F-B898-46E6-9E90-95392079882C}
		{401CD1EA-33EB-42E7-B083-D9A21FF13D96} = {2C69ABAD-9076-439A-9060-CDB5F8328B40}
		{0C28C763-BC22-4989-8BC8-787B2A4FDFC7} = {A911896C-D0B6-4537-B428-30099A468D13}
	EndGlobalSection
	GlobalSection(ExtensibilityGlobals) = postSolution
		SolutionGuid = {9C2EDC16-681D-40A9-9168-7C35B4D4F23C}
	EndGlobalSection
EndGlobal
