
Microsoft Visual Studio Solution File, Format Version 12.00
# Visual Studio Version 17
VisualStudioVersion = 17.1.32414.318
MinimumVisualStudioVersion = 10.0.40219.1
Project("{2150E333-8FDC-42A3-9474-1A3956D46DE8}") = "components", "components", "{4D183625-6B5C-429E-9E29-C4BB95770E6F}"
EndProject
Project("{2150E333-8FDC-42A3-9474-1A3956D46DE8}") = "levelscripts", "levelscripts", "{DA1A22C9-2E5E-4616-B2AA-B6B00FC480E2}"
EndProject
Project("{2150E333-8FDC-42A3-9474-1A3956D46DE8}") = "libs", "libs", "{2308ED60-AE22-4142-8618-2D4697A475F4}"
EndProject
Project("{9A19103F-16F7-4668-BE54-9A1E7A4F7556}") = "OnlineEngine", "OnlineEngine\OnlineEngine.csproj", "{44350C95-D745-4BBD-A6E0-F737354A2D79}"
EndProject
Project("{9A19103F-16F7-4668-BE54-9A1E7A4F7556}") = "Proline.OnlineEngine.Core", "Proline.OnlineEngine.Core\Proline.OnlineEngine.Core.csproj", "{EB2619EC-11DD-480F-BBDD-41664760DCBF}"
EndProject
Project("{9A19103F-16F7-4668-BE54-9A1E7A4F7556}") = "Assembly-CSharp", "Assembly-CSharp\Assembly-CSharp.csproj", "{092883A3-8BB8-4A92-9EFD-E2DC81E23EF4}"
EndProject
Global
	GlobalSection(SolutionConfigurationPlatforms) = preSolution
		Debug|Any CPU = Debug|Any CPU
		Release|Any CPU = Release|Any CPU
	EndGlobalSection
	GlobalSection(ProjectConfigurationPlatforms) = postSolution
		{44350C95-D745-4BBD-A6E0-F737354A2D79}.Debug|Any CPU.ActiveCfg = Debug|Any CPU
		{44350C95-D745-4BBD-A6E0-F737354A2D79}.Debug|Any CPU.Build.0 = Debug|Any CPU
		{44350C95-D745-4BBD-A6E0-F737354A2D79}.Release|Any CPU.ActiveCfg = Release|Any CPU
		{44350C95-D745-4BBD-A6E0-F737354A2D79}.Release|Any CPU.Build.0 = Release|Any CPU
		{EB2619EC-11DD-480F-BBDD-41664760DCBF}.Debug|Any CPU.ActiveCfg = Debug|Any CPU
		{EB2619EC-11DD-480F-BBDD-41664760DCBF}.Debug|Any CPU.Build.0 = Debug|Any CPU
		{EB2619EC-11DD-480F-BBDD-41664760DCBF}.Release|Any CPU.ActiveCfg = Release|Any CPU
		{EB2619EC-11DD-480F-BBDD-41664760DCBF}.Release|Any CPU.Build.0 = Release|Any CPU
		{092883A3-8BB8-4A92-9EFD-E2DC81E23EF4}.Debug|Any CPU.ActiveCfg = Debug|Any CPU
		{092883A3-8BB8-4A92-9EFD-E2DC81E23EF4}.Debug|Any CPU.Build.0 = Debug|Any CPU
		{092883A3-8BB8-4A92-9EFD-E2DC81E23EF4}.Release|Any CPU.ActiveCfg = Release|Any CPU
		{092883A3-8BB8-4A92-9EFD-E2DC81E23EF4}.Release|Any CPU.Build.0 = Release|Any CPU
	EndGlobalSection
	GlobalSection(SolutionProperties) = preSolution
		HideSolutionNode = FALSE
	EndGlobalSection
	GlobalSection(NestedProjects) = preSolution
		{EB2619EC-11DD-480F-BBDD-41664760DCBF} = {2308ED60-AE22-4142-8618-2D4697A475F4}
		{092883A3-8BB8-4A92-9EFD-E2DC81E23EF4} = {DA1A22C9-2E5E-4616-B2AA-B6B00FC480E2}
	EndGlobalSection
	GlobalSection(ExtensibilityGlobals) = postSolution
		SolutionGuid = {9C2EDC16-681D-40A9-9168-7C35B4D4F23C}
	EndGlobalSection
EndGlobal
